[[package]]
category = "main"
description = "a modern parsing library"
name = "lark-parser"
optional = false
python-versions = "*"
version = "0.7.8"

[metadata]
content-hash = "6c656169514114e7ca0e3a5e729c2b11e34052914460667feeb887d0e61815ba"
python-versions = "^3.7"

[metadata.hashes]
lark-parser = ["26215ebb157e6fb2ee74319aa4445b9f3b7e456e26be215ce19fdaaa901c20a4"]
